
Microsoft Visual Studio Solution File, Format Version 12.00
# Visual Studio 15
VisualStudioVersion = 15.0.26430.6
MinimumVisualStudioVersion = 10.0.40219.1
Project("{FAE04EC0-301F-11D3-BF4B-00C04F79EFBC}") = "BattleShip", "BattleShip\BattleShip.csproj", "{01EAF0FD-44F1-4469-8953-56701F027F42}"
EndProject
Project("{FAE04EC0-301F-11D3-BF4B-00C04F79EFBC}") = "BattleShip.Engine", "BattleShip.Engine\BattleShip.Engine.csproj", "{ED2C0F79-3DF3-47AD-B6E1-0650DFFCB65A}"
EndProject
Global
	GlobalSection(SolutionConfigurationPlatforms) = preSolution
		Debug|Any CPU = Debug|Any CPU
		Release|Any CPU = Release|Any CPU
	EndGlobalSection
	GlobalSection(ProjectConfigurationPlatforms) = postSolution
		{01EAF0FD-44F1-4469-8953-56701F027F42}.Debug|Any CPU.ActiveCfg = Debug|Any CPU
		{01EAF0FD-44F1-4469-8953-56701F027F42}.Debug|Any CPU.Build.0 = Debug|Any CPU
		{01EAF0FD-44F1-4469-8953-56701F027F42}.Release|Any CPU.ActiveCfg = Release|Any CPU
		{01EAF0FD-44F1-4469-8953-56701F027F42}.Release|Any CPU.Build.0 = Release|Any CPU
		{ED2C0F79-3DF3-47AD-B6E1-0650DFFCB65A}.Debug|Any CPU.ActiveCfg = Debug|Any CPU
		{ED2C0F79-3DF3-47AD-B6E1-0650DFFCB65A}.Debug|Any CPU.Build.0 = Debug|Any CPU
		{ED2C0F79-3DF3-47AD-B6E1-0650DFFCB65A}.Release|Any CPU.ActiveCfg = Release|Any CPU
		{ED2C0F79-3DF3-47AD-B6E1-0650DFFCB65A}.Release|Any CPU.Build.0 = Release|Any CPU
	EndGlobalSection
	GlobalSection(SolutionProperties) = preSolution
		HideSolutionNode = FALSE
	EndGlobalSection
EndGlobal
